# This file was autogenerated by Stack.
# You should not edit this file by hand.
# For more information, please see the documentation at:
#   https://docs.haskellstack.org/en/stable/lock_files

packages:
- completed:
    size: 568818
    url: https://github.com/mskmysht/graphlib-hs/archive/958f2c9.tar.gz
    cabal-file:
      size: 2251
      sha256: 59ca90368a06f73bd1fa5c2b35ccc845cf4144bba154ee239c7e6ea308fe923d
    name: graphlib-hs
    version: 0.1.0.0
    sha256: ada135e2414a99a55d1f4468f479ee447cd0992d97e4b76130079861a7b2c443
    pantry-tree:
      size: 3151
      sha256: 386f006e4593b3622d9e576fc0131819c17a4d705eca654357417ef5b21e61f9
  original:
    size: 568818
    url: https://github.com/mskmysht/graphlib-hs/archive/958f2c9.tar.gz
    sha256: ada135e2414a99a55d1f4468f479ee447cd0992d97e4b76130079861a7b2c443
- completed:
    size: 2262337
    url: https://github.com/mskmysht/sfmt-hs/archive/db44278.tar.gz
    cabal-file:
      size: 1427
      sha256: 18a75a1e64cf49adbd0bae2d8f9683cb002cde39a6565913cbae7595e9a8ff8e
    name: sfmt
    version: 0.1.1
    sha256: 61290acadda5eb98fd89b2ed28b43f969c79bc75b7c777dd7ce19f8682ec6e15
    pantry-tree:
      size: 6164
      sha256: 1ae0be4368bc2843e811699ce036e00cc69a6d95ca796e34840ded2e22ea546e
  original:
    size: 2262337
    url: https://github.com/mskmysht/sfmt-hs/archive/db44278.tar.gz
    sha256: 61290acadda5eb98fd89b2ed28b43f969c79bc75b7c777dd7ce19f8682ec6e15
snapshots:
- completed:
    size: 523700
    url: https://raw.githubusercontent.com/commercialhaskell/stackage-snapshots/master/lts/14/7.yaml
    sha256: 8e3f3c894be74d71fa4bf085e0a8baae7e4d7622d07ea31a52736b80f8b9bb1a
  original: lts-14.7
